
Microsoft Visual Studio Solution File, Format Version 12.00
# Visual Studio 2015
Project("{FAE04EC0-301F-11D3-BF4B-00C04F79EFBC}") = "unity_project", "unity_project.csproj", "{96ABAA6A-84C3-8D69-2E95-F74F74D8D446}"
EndProject
Global
	GlobalSection(SolutionConfigurationPlatforms) = preSolution
		Debug|Any CPU = Debug|Any CPU
		Release|Any CPU = Release|Any CPU
	EndGlobalSection
	GlobalSection(ProjectConfigurationPlatforms) = postSolution
		{96ABAA6A-84C3-8D69-2E95-F74F74D8D446}.Debug|Any CPU.ActiveCfg = Debug|Any CPU
		{96ABAA6A-84C3-8D69-2E95-F74F74D8D446}.Debug|Any CPU.Build.0 = Debug|Any CPU
		{96ABAA6A-84C3-8D69-2E95-F74F74D8D446}.Release|Any CPU.ActiveCfg = Release|Any CPU
		{96ABAA6A-84C3-8D69-2E95-F74F74D8D446}.Release|Any CPU.Build.0 = Release|Any CPU
	EndGlobalSection
	GlobalSection(SolutionProperties) = preSolution
		HideSolutionNode = FALSE
	EndGlobalSection
EndGlobal
